
Microsoft Visual Studio Solution File, Format Version 12.00
# Visual Studio Version 17
VisualStudioVersion = 17.12.35506.116 d17.12
MinimumVisualStudioVersion = 10.0.40219.1
Project("{FAE04EC0-301F-11D3-BF4B-00C04F79EFBC}") = "FirstAPI", "FirstAPI\FirstAPI.csproj", "{6AA8CA7A-1BAD-4403-BCAA-7ABF0674A4EB}"
EndProject
Global
	GlobalSection(SolutionConfigurationPlatforms) = preSolution
		Debug|Any CPU = Debug|Any CPU
		Release|Any CPU = Release|Any CPU
	EndGlobalSection
	GlobalSection(ProjectConfigurationPlatforms) = postSolution
		{6AA8CA7A-1BAD-4403-BCAA-7ABF0674A4EB}.Debug|Any CPU.ActiveCfg = Debug|Any CPU
		{6AA8CA7A-1BAD-4403-BCAA-7ABF0674A4EB}.Debug|Any CPU.Build.0 = Debug|Any CPU
		{6AA8CA7A-1BAD-4403-BCAA-7ABF0674A4EB}.Release|Any CPU.ActiveCfg = Release|Any CPU
		{6AA8CA7A-1BAD-4403-BCAA-7ABF0674A4EB}.Release|Any CPU.Build.0 = Release|Any CPU
	EndGlobalSection
	GlobalSection(SolutionProperties) = preSolution
		HideSolutionNode = FALSE
	EndGlobalSection
EndGlobal
